// !$*UTF8*$!
{
	archiveVersion = 1;
	classes = {
	};
	objectVersion = 46;
	objects = {

/* Begin PBXBuildFile section */
		467A8D131D3CC3A8003C8F3E /* main.m in Sources */ = {isa = PBXBuildFile; fileRef = 467A8D121D3CC3A8003C8F3E /* main.m */; };
		467A8D161D3CC3A8003C8F3E /* AppDelegate.m in Sources */ = {isa = PBXBuildFile; fileRef = 467A8D151D3CC3A8003C8F3E /* AppDelegate.m */; };
		467A8D1C1D3CC3A8003C8F3E /* Main.storyboard in Resources */ = {isa = PBXBuildFile; fileRef = 467A8D1A1D3CC3A8003C8F3E /* Main.storyboard */; };
		467A8D1E1D3CC3A8003C8F3E /* Assets.xcassets in Resources */ = {isa = PBXBuildFile; fileRef = 467A8D1D1D3CC3A8003C8F3E /* Assets.xcassets */; };
		467A8D211D3CC3A8003C8F3E /* LaunchScreen.storyboard in Resources */ = {isa = PBXBuildFile; fileRef = 467A8D1F1D3CC3A8003C8F3E /* LaunchScreen.storyboard */; };
		467A8D2C1D3CC3A8003C8F3E /* CarouselFigure2Tests.m in Sources */ = {isa = PBXBuildFile; fileRef = 467A8D2B1D3CC3A8003C8F3E /* CarouselFigure2Tests.m */; };
		467A8D371D3CC3A8003C8F3E /* CarouselFigure2UITests.m in Sources */ = {isa = PBXBuildFile; fileRef = 467A8D361D3CC3A8003C8F3E /* CarouselFigure2UITests.m */; };
		467A8D461D3CC420003C8F3E /* CycleView.m in Sources */ = {isa = PBXBuildFile; fileRef = 467A8D451D3CC420003C8F3E /* CycleView.m */; };
		467A8D491D3CC435003C8F3E /* ViewController.m in Sources */ = {isa = PBXBuildFile; fileRef = 467A8D481D3CC435003C8F3E /* ViewController.m */; };
		467A8D4B1D3CC5A6003C8F3E /* demo.gif in Resources */ = {isa = PBXBuildFile; fileRef = 467A8D4A1D3CC5A6003C8F3E /* demo.gif */; };
/* End PBXBuildFile section */

/* Begin PBXContainerItemProxy section */
		467A8D281D3CC3A8003C8F3E /* PBXContainerItemProxy */ = {
			isa = PBXContainerItemProxy;
			containerPortal = 467A8D061D3CC3A8003C8F3E /* Project object */;
			proxyType = 1;
			remoteGlobalIDString = 467A8D0D1D3CC3A8003C8F3E;
			remoteInfo = CarouselFigure2;
		};
		467A8D331D3CC3A8003C8F3E /* PBXContainerItemProxy */ = {
			isa = PBXContainerItemProxy;
			containerPortal = 467A8D061D3CC3A8003C8F3E /* Project object */;
			proxyType = 1;
			remoteGlobalIDString = 467A8D0D1D3CC3A8003C8F3E;
			remoteInfo = CarouselFigure2;
		};
/* End PBXContainerItemProxy section */

/* Begin PBXFileReference section */
		467A8D0E1D3CC3A8003C8F3E /* CarouselFigure2.app */ = {isa = PBXFileReference; explicitFileType = wrapper.application; includeInIndex = 0; path = CarouselFigure2.app; sourceTree = BUILT_PRODUCTS_DIR; };
		467A8D121D3CC3A8003C8F3E /* main.m */ = {isa = PBXFileReference; lastKnownFileType = sourcecode.c.objc; path = main.m; sourceTree = "<group>"; };
		467A8D141D3CC3A8003C8F3E /* AppDelegate.h */ = {isa = PBXFileReference; lastKnownFileType = sourcecode.c.h; path = AppDelegate.h; sourceTree = "<group>"; };
		467A8D151D3CC3A8003C8F3E /* AppDelegate.m */ = {isa = PBXFileReference; lastKnownFileType = sourcecode.c.objc; path = AppDelegate.m; sourceTree = "<group>"; };
		467A8D1B1D3CC3A8003C8F3E /* Base */ = {isa = PBXFileReference; lastKnownFileType = file.storyboard; name = Base; path = Base.lproj/Main.storyboard; sourceTree = "<group>"; };
		467A8D1D1D3CC3A8003C8F3E /* Assets.xcassets */ = {isa = PBXFileReference; lastKnownFileType = folder.assetcatalog; path = Assets.xcassets; sourceTree = "<group>"; };
		467A8D201D3CC3A8003C8F3E /* Base */ = {isa = PBXFileReference; lastKnownFileType = file.storyboard; name = Base; path = Base.lproj/LaunchScreen.storyboard; sourceTree = "<group>"; };
		467A8D221D3CC3A8003C8F3E /* Info.plist */ = {isa = PBXFileReference; lastKnownFileType = text.plist.xml; path = Info.plist; sourceTree = "<group>"; };
		467A8D271D3CC3A8003C8F3E /* CarouselFigure2Tests.xctest */ = {isa = PBXFileReference; explicitFileType = wrapper.cfbundle; includeInIndex = 0; path = CarouselFigure2Tests.xctest; sourceTree = BUILT_PRODUCTS_DIR; };
		467A8D2B1D3CC3A8003C8F3E /* CarouselFigure2Tests.m */ = {isa = PBXFileReference; lastKnownFileType = sourcecode.c.objc; path = CarouselFigure2Tests.m; sourceTree = "<group>"; };
		467A8D2D1D3CC3A8003C8F3E /* Info.plist */ = {isa = PBXFileReference; lastKnownFileType = text.plist.xml; path = Info.plist; sourceTree = "<group>"; };
		467A8D321D3CC3A8003C8F3E /* CarouselFigure2UITests.xctest */ = {isa = PBXFileReference; explicitFileType = wrapper.cfbundle; includeInIndex = 0; path = CarouselFigure2UITests.xctest; sourceTree = BUILT_PRODUCTS_DIR; };
		467A8D361D3CC3A8003C8F3E /* CarouselFigure2UITests.m */ = {isa = PBXFileReference; lastKnownFileType = sourcecode.c.objc; path = CarouselFigure2UITests.m; sourceTree = "<group>"; };
		467A8D381D3CC3A8003C8F3E /* Info.plist */ = {isa = PBXFileReference; lastKnownFileType = text.plist.xml; path = Info.plist; sourceTree = "<group>"; };
		467A8D441D3CC420003C8F3E /* CycleView.h */ = {isa = PBXFileReference; fileEncoding = 4; lastKnownFileType = sourcecode.c.h; path = CycleView.h; sourceTree = "<group>"; };
		467A8D451D3CC420003C8F3E /* CycleView.m */ = {isa = PBXFileReference; fileEncoding = 4; lastKnownFileType = sourcecode.c.objc; path = CycleView.m; sourceTree = "<group>"; };
		467A8D471D3CC435003C8F3E /* ViewController.h */ = {isa = PBXFileReference; fileEncoding = 4; lastKnownFileType = sourcecode.c.h; path = ViewController.h; sourceTree = "<group>"; };
		467A8D481D3CC435003C8F3E /* ViewController.m */ = {isa = PBXFileReference; fileEncoding = 4; lastKnownFileType = sourcecode.c.objc; path = ViewController.m; sourceTree = "<group>"; };
		467A8D4A1D3CC5A6003C8F3E /* demo.gif */ = {isa = PBXFileReference; lastKnownFileType = image.gif; path = demo.gif; sourceTree = "<group>"; };
/* End PBXFileReference section */

/* Begin PBXFrameworksBuildPhase section */
		467A8D0B1D3CC3A8003C8F3E /* Frameworks */ = {
			isa = PBXFrameworksBuildPhase;
			buildActionMask = 2147483647;
			files = (
			);
			runOnlyForDeploymentPostprocessing = 0;
		};
		467A8D241D3CC3A8003C8F3E /* Frameworks */ = {
			isa = PBXFrameworksBuildPhase;
			buildActionMask = 2147483647;
			files = (
			);
			runOnlyForDeploymentPostprocessing = 0;
		};
		467A8D2F1D3CC3A8003C8F3E /* Frameworks */ = {
			isa = PBXFrameworksBuildPhase;
			buildActionMask = 2147483647;
			files = (
			);
			runOnlyForDeploymentPostprocessing = 0;
		};
/* End PBXFrameworksBuildPhase section */

/* Begin PBXGroup section */
		467A8D051D3CC3A8003C8F3E = {
			isa = PBXGroup;
			children = (
				467A8D4A1D3CC5A6003C8F3E /* demo.gif */,
				467A8D101D3CC3A8003C8F3E /* CarouselFigure2 */,
				467A8D2A1D3CC3A8003C8F3E /* CarouselFigure2Tests */,
				467A8D351D3CC3A8003C8F3E /* CarouselFigure2UITests */,
				467A8D0F1D3CC3A8003C8F3E /* Products */,
			);
			sourceTree = "<group>";
		};
		467A8D0F1D3CC3A8003C8F3E /* Products */ = {
			isa = PBXGroup;
			children = (
				467A8D0E1D3CC3A8003C8F3E /* CarouselFigure2.app */,
				467A8D271D3CC3A8003C8F3E /* CarouselFigure2Tests.xctest */,
				467A8D321D3CC3A8003C8F3E /* CarouselFigure2UITests.xctest */,
			);
			name = Products;
			sourceTree = "<group>";
		};
		467A8D101D3CC3A8003C8F3E /* CarouselFigure2 */ = {
			isa = PBXGroup;
			children = (
				467A8D141D3CC3A8003C8F3E /* AppDelegate.h */,
				467A8D151D3CC3A8003C8F3E /* AppDelegate.m */,
				467A8D441D3CC420003C8F3E /* CycleView.h */,
				467A8D451D3CC420003C8F3E /* CycleView.m */,
				467A8D471D3CC435003C8F3E /* ViewController.h */,
				467A8D481D3CC435003C8F3E /* ViewController.m */,
				467A8D1D1D3CC3A8003C8F3E /* Assets.xcassets */,
				467A8D111D3CC3A8003C8F3E /* Supporting Files */,
			);
			path = CarouselFigure2;
			sourceTree = "<group>";
		};
		467A8D111D3CC3A8003C8F3E /* Supporting Files */ = {
			isa = PBXGroup;
			children = (
				467A8D1A1D3CC3A8003C8F3E /* Main.storyboard */,
				467A8D1F1D3CC3A8003C8F3E /* LaunchScreen.storyboard */,
				467A8D221D3CC3A8003C8F3E /* Info.plist */,
				467A8D121D3CC3A8003C8F3E /* main.m */,
			);
			name = "Supporting Files";
			sourceTree = "<group>";
		};
		467A8D2A1D3CC3A8003C8F3E /* CarouselFigure2Tests */ = {
			isa = PBXGroup;
			children = (
				467A8D2B1D3CC3A8003C8F3E /* CarouselFigure2Tests.m */,
				467A8D2D1D3CC3A8003C8F3E /* Info.plist */,
			);
			path = CarouselFigure2Tests;
			sourceTree = "<group>";
		};
		467A8D351D3CC3A8003C8F3E /* CarouselFigure2UITests */ = {
			isa = PBXGroup;
			children = (
				467A8D361D3CC3A8003C8F3E /* CarouselFigure2UITests.m */,
				467A8D381D3CC3A8003C8F3E /* Info.plist */,
			);
			path = CarouselFigure2UITests;
			sourceTree = "<group>";
		};
/* End PBXGroup section */

/* Begin PBXNativeTarget section */
		467A8D0D1D3CC3A8003C8F3E /* CarouselFigure2 */ = {
			isa = PBXNativeTarget;
			buildConfigurationList = 467A8D3B1D3CC3A8003C8F3E /* Build configuration list for PBXNativeTarget "CarouselFigure2" */;
			buildPhases = (
				467A8D0A1D3CC3A8003C8F3E /* Sources */,
				467A8D0B1D3CC3A8003C8F3E /* Frameworks */,
				467A8D0C1D3CC3A8003C8F3E /* Resources */,
			);
			buildRules = (
			);
			dependencies = (
			);
			name = CarouselFigure2;
			productName = CarouselFigure2;
			productReference = 467A8D0E1D3CC3A8003C8F3E /* CarouselFigure2.app */;
			productType = "com.apple.product-type.application";
		};
		467A8D261D3CC3A8003C8F3E /* CarouselFigure2Tests */ = {
			isa = PBXNativeTarget;
			buildConfigurationList = 467A8D3E1D3CC3A8003C8F3E /* Build configuration list for PBXNativeTarget "CarouselFigure2Tests" */;
			buildPhases = (
				467A8D231D3CC3A8003C8F3E /* Sources */,
				467A8D241D3CC3A8003C8F3E /* Frameworks */,
				467A8D251D3CC3A8003C8F3E /* Resources */,
			);
			buildRules = (
			);
			dependencies = (
				467A8D291D3CC3A8003C8F3E /* PBXTargetDependency */,
			);
			name = CarouselFigure2Tests;
			productName = CarouselFigure2Tests;
			productReference = 467A8D271D3CC3A8003C8F3E /* CarouselFigure2Tests.xctest */;
			productType = "com.apple.product-type.bundle.unit-test";
		};
		467A8D311D3CC3A8003C8F3E /* CarouselFigure2UITests */ = {
			isa = PBXNativeTarget;
			buildConfigurationList = 467A8D411D3CC3A8003C8F3E /* Build configuration list for PBXNativeTarget "CarouselFigure2UITests" */;
			buildPhases = (
				467A8D2E1D3CC3A8003C8F3E /* Sources */,
				467A8D2F1D3CC3A8003C8F3E /* Frameworks */,
				467A8D301D3CC3A8003C8F3E /* Resources */,
			);
			buildRules = (
			);
			dependencies = (
				467A8D341D3CC3A8003C8F3E /* PBXTargetDependency */,
			);
			name = CarouselFigure2UITests;
			productName = CarouselFigure2UITests;
			productReference = 467A8D321D3CC3A8003C8F3E /* CarouselFigure2UITests.xctest */;
			productType = "com.apple.product-type.bundle.ui-testing";
		};
/* End PBXNativeTarget section */

/* Begin PBXProject section */
		467A8D061D3CC3A8003C8F3E /* Project object */ = {
			isa = PBXProject;
			attributes = {
				LastUpgradeCheck = 0730;
				ORGANIZATIONNAME = jaxer;
				TargetAttributes = {
					467A8D0D1D3CC3A8003C8F3E = {
						CreatedOnToolsVersion = 7.3.1;
					};
					467A8D261D3CC3A8003C8F3E = {
						CreatedOnToolsVersion = 7.3.1;
						TestTargetID = 467A8D0D1D3CC3A8003C8F3E;
					};
					467A8D311D3CC3A8003C8F3E = {
						CreatedOnToolsVersion = 7.3.1;
						TestTargetID = 467A8D0D1D3CC3A8003C8F3E;
					};
				};
			};
			buildConfigurationList = 467A8D091D3CC3A8003C8F3E /* Build configuration list for PBXProject "CarouselFigure2" */;
			compatibilityVersion = "Xcode 3.2";
			developmentRegion = English;
			hasScannedForEncodings = 0;
			knownRegions = (
				en,
				Base,
			);
			mainGroup = 467A8D051D3CC3A8003C8F3E;
			productRefGroup = 467A8D0F1D3CC3A8003C8F3E /* Products */;
			projectDirPath = "";
			projectRoot = "";
			targets = (
				467A8D0D1D3CC3A8003C8F3E /* CarouselFigure2 */,
				467A8D261D3CC3A8003C8F3E /* CarouselFigure2Tests */,
				467A8D311D3CC3A8003C8F3E /* CarouselFigure2UITests */,
			);
		};
/* End PBXProject section */

/* Begin PBXResourcesBuildPhase section */
		467A8D0C1D3CC3A8003C8F3E /* Resources */ = {
			isa = PBXResourcesBuildPhase;
			buildActionMask = 2147483647;
			files = (
				467A8D211D3CC3A8003C8F3E /* LaunchScreen.storyboard in Resources */,
				467A8D4B1D3CC5A6003C8F3E /* demo.gif in Resources */,
				467A8D1E1D3CC3A8003C8F3E /* Assets.xcassets in Resources */,
				467A8D1C1D3CC3A8003C8F3E /* Main.storyboard in Resources */,
			);
			runOnlyForDeploymentPostprocessing = 0;
		};
		467A8D251D3CC3A8003C8F3E /* Resources */ = {
			isa = PBXResourcesBuildPhase;
			buildActionMask = 2147483647;
			files = (
			);
			runOnlyForDeploymentPostprocessing = 0;
		};
		467A8D301D3CC3A8003C8F3E /* Resources */ = {
			isa = PBXResourcesBuildPhase;
			buildActionMask = 2147483647;
			files = (
			);
			runOnlyForDeploymentPostprocessing = 0;
		};
/* End PBXResourcesBuildPhase section */

/* Begin PBXSourcesBuildPhase section */
		467A8D0A1D3CC3A8003C8F3E /* Sources */ = {
			isa = PBXSourcesBuildPhase;
			buildActionMask = 2147483647;
			files = (
				467A8D461D3CC420003C8F3E /* CycleView.m in Sources */,
				467A8D161D3CC3A8003C8F3E /* AppDelegate.m in Sources */,
				467A8D491D3CC435003C8F3E /* ViewController.m in Sources */,
				467A8D131D3CC3A8003C8F3E /* main.m in Sources */,
			);
			runOnlyForDeploymentPostprocessing = 0;
		};
		467A8D231D3CC3A8003C8F3E /* Sources */ = {
			isa = PBXSourcesBuildPhase;
			buildActionMask = 2147483647;
			files = (
				467A8D2C1D3CC3A8003C8F3E /* CarouselFigure2Tests.m in Sources */,
			);
			runOnlyForDeploymentPostprocessing = 0;
		};
		467A8D2E1D3CC3A8003C8F3E /* Sources */ = {
			isa = PBXSourcesBuildPhase;
			buildActionMask = 2147483647;
			files = (
				467A8D371D3CC3A8003C8F3E /* CarouselFigure2UITests.m in Sources */,
			);
			runOnlyForDeploymentPostprocessing = 0;
		};
/* End PBXSourcesBuildPhase section */

/* Begin PBXTargetDependency section */
		467A8D291D3CC3A8003C8F3E /* PBXTargetDependency */ = {
			isa = PBXTargetDependency;
			target = 467A8D0D1D3CC3A8003C8F3E /* CarouselFigure2 */;
			targetProxy = 467A8D281D3CC3A8003C8F3E /* PBXContainerItemProxy */;
		};
		467A8D341D3CC3A8003C8F3E /* PBXTargetDependency */ = {
			isa = PBXTargetDependency;
			target = 467A8D0D1D3CC3A8003C8F3E /* CarouselFigure2 */;
			targetProxy = 467A8D331D3CC3A8003C8F3E /* PBXContainerItemProxy */;
		};
/* End PBXTargetDependency section */

/* Begin PBXVariantGroup section */
		467A8D1A1D3CC3A8003C8F3E /* Main.storyboard */ = {
			isa = PBXVariantGroup;
			children = (
				467A8D1B1D3CC3A8003C8F3E /* Base */,
			);
			name = Main.storyboard;
			sourceTree = "<group>";
		};
		467A8D1F1D3CC3A8003C8F3E /* LaunchScreen.storyboard */ = {
			isa = PBXVariantGroup;
			children = (
				467A8D201D3CC3A8003C8F3E /* Base */,
			);
			name = LaunchScreen.storyboard;
			sourceTree = "<group>";
		};
/* End PBXVariantGroup section */

/* Begin XCBuildConfiguration section */
		467A8D391D3CC3A8003C8F3E /* Debug */ = {
			isa = XCBuildConfiguration;
			buildSettings = {
				ALWAYS_SEARCH_USER_PATHS = NO;
				CLANG_ANALYZER_NONNULL = YES;
				CLANG_CXX_LANGUAGE_STANDARD = "gnu++0x";
				CLANG_CXX_LIBRARY = "libc++";
				CLANG_ENABLE_MODULES = YES;
				CLANG_ENABLE_OBJC_ARC = YES;
				CLANG_WARN_BOOL_CONVERSION = YES;
				CLANG_WARN_CONSTANT_CONVERSION = YES;
				CLANG_WARN_DIRECT_OBJC_ISA_USAGE = YES_ERROR;
				CLANG_WARN_EMPTY_BODY = YES;
				CLANG_WARN_ENUM_CONVERSION = YES;
				CLANG_WARN_INT_CONVERSION = YES;
				CLANG_WARN_OBJC_ROOT_CLASS = YES_ERROR;
				CLANG_WARN_UNREACHABLE_CODE = YES;
				CLANG_WARN__DUPLICATE_METHOD_MATCH = YES;
				"CODE_SIGN_IDENTITY[sdk=iphoneos*]" = "iPhone Developer";
				COPY_PHASE_STRIP = NO;
				DEBUG_INFORMATION_FORMAT = dwarf;
				ENABLE_STRICT_OBJC_MSGSEND = YES;
				ENABLE_TESTABILITY = YES;
				GCC_C_LANGUAGE_STANDARD = gnu99;
				GCC_DYNAMIC_NO_PIC = NO;
				GCC_NO_COMMON_BLOCKS = YES;
				GCC_OPTIMIZATION_LEVEL = 0;
				GCC_PREPROCESSOR_DEFINITIONS = (
					"DEBUG=1",
					"$(inherited)",
				);
				GCC_WARN_64_TO_32_BIT_CONVERSION = YES;
				GCC_WARN_ABOUT_RETURN_TYPE = YES_ERROR;
				GCC_WARN_UNDECLARED_SELECTOR = YES;
				GCC_WARN_UNINITIALIZED_AUTOS = YES_AGGRESSIVE;
				GCC_WARN_UNUSED_FUNCTION = YES;
				GCC_WARN_UNUSED_VARIABLE = YES;
				IPHONEOS_DEPLOYMENT_TARGET = 8.0;
				MTL_ENABLE_DEBUG_INFO = YES;
				ONLY_ACTIVE_ARCH = YES;
				SDKROOT = iphoneos;
			};
			name = Debug;
		};
		467A8D3A1D3CC3A8003C8F3E /* Release */ = {
			isa = XCBuildConfiguration;
			buildSettings = {
				ALWAYS_SEARCH_USER_PATHS = NO;
				CLANG_ANALYZER_NONNULL = YES;
				CLANG_CXX_LANGUAGE_STANDARD = "gnu++0x";
				CLANG_CXX_LIBRARY = "libc++";
				CLANG_ENABLE_MODULES = YES;
				CLANG_ENABLE_OBJC_ARC = YES;
				CLANG_WARN_BOOL_CONVERSION = YES;
				CLANG_WARN_CONSTANT_CONVERSION = YES;
				CLANG_WARN_DIRECT_OBJC_ISA_USAGE = YES_ERROR;
				CLANG_WARN_EMPTY_BODY = YES;
				CLANG_WARN_ENUM_CONVERSION = YES;
				CLANG_WARN_INT_CONVERSION = YES;
				CLANG_WARN_OBJC_ROOT_CLASS = YES_ERROR;
				CLANG_WARN_UNREACHABLE_CODE = YES;
				CLANG_WARN__DUPLICATE_METHOD_MATCH = YES;
				"CODE_SIGN_IDENTITY[sdk=iphoneos*]" = "iPhone Developer";
				COPY_PHASE_STRIP = NO;
				DEBUG_INFORMATION_FORMAT = "dwarf-with-dsym";
				ENABLE_NS_ASSERTIONS = NO;
				ENABLE_STRICT_OBJC_MSGSEND = YES;
				GCC_C_LANGUAGE_STANDARD = gnu99;
				GCC_NO_COMMON_BLOCKS = YES;
				GCC_WARN_64_TO_32_BIT_CONVERSION = YES;
				GCC_WARN_ABOUT_RETURN_TYPE = YES_ERROR;
				GCC_WARN_UNDECLARED_SELECTOR = YES;
				GCC_WARN_UNINITIALIZED_AUTOS = YES_AGGRESSIVE;
				GCC_WARN_UNUSED_FUNCTION = YES;
				GCC_WARN_UNUSED_VARIABLE = YES;
				IPHONEOS_DEPLOYMENT_TARGET = 8.0;
				MTL_ENABLE_DEBUG_INFO = NO;
				SDKROOT = iphoneos;
				VALIDATE_PRODUCT = YES;
			};
			name = Release;
		};
		467A8D3C1D3CC3A8003C8F3E /* Debug */ = {
			isa = XCBuildConfiguration;
			buildSettings = {
				ASSETCATALOG_COMPILER_APPICON_NAME = AppIcon;
				INFOPLIST_FILE = CarouselFigure2/Info.plist;
				IPHONEOS_DEPLOYMENT_TARGET = 8.0;
				LD_RUNPATH_SEARCH_PATHS = "$(inherited) @executable_path/Frameworks";
				PRODUCT_BUNDLE_IDENTIFIER = com.jaxer.CarouselFigure2;
				PRODUCT_NAME = "$(TARGET_NAME)";
			};
			name = Debug;
		};
		467A8D3D1D3CC3A8003C8F3E /* Release */ = {
			isa = XCBuildConfiguration;
			buildSettings = {
				ASSETCATALOG_COMPILER_APPICON_NAME = AppIcon;
				INFOPLIST_FILE = CarouselFigure2/Info.plist;
				IPHONEOS_DEPLOYMENT_TARGET = 8.0;
				LD_RUNPATH_SEARCH_PATHS = "$(inherited) @executable_path/Frameworks";
				PRODUCT_BUNDLE_IDENTIFIER = com.jaxer.CarouselFigure2;
				PRODUCT_NAME = "$(TARGET_NAME)";
			};
			name = Release;
		};
		467A8D3F1D3CC3A8003C8F3E /* Debug */ = {
			isa = XCBuildConfiguration;
			buildSettings = {
				BUNDLE_LOADER = "$(TEST_HOST)";
				INFOPLIST_FILE = CarouselFigure2Tests/Info.plist;
				LD_RUNPATH_SEARCH_PATHS = "$(inherited) @executable_path/Frameworks @loader_path/Frameworks";
				PRODUCT_BUNDLE_IDENTIFIER = com.jaxer.CarouselFigure2Tests;
				PRODUCT_NAME = "$(TARGET_NAME)";
				TEST_HOST = "$(BUILT_PRODUCTS_DIR)/CarouselFigure2.app/CarouselFigure2";
			};
			name = Debug;
		};
		467A8D401D3CC3A8003C8F3E /* Release */ = {
			isa = XCBuildConfiguration;
			buildSettings = {
				BUNDLE_LOADER = "$(TEST_HOST)";
				INFOPLIST_FILE = CarouselFigure2Tests/Info.plist;
				LD_RUNPATH_SEARCH_PATHS = "$(inherited) @executable_path/Frameworks @loader_path/Frameworks";
				PRODUCT_BUNDLE_IDENTIFIER = com.jaxer.CarouselFigure2Tests;
				PRODUCT_NAME = "$(TARGET_NAME)";
				TEST_HOST = "$(BUILT_PRODUCTS_DIR)/CarouselFigure2.app/CarouselFigure2";
			};
			name = Release;
		};
		467A8D421D3CC3A8003C8F3E /* Debug */ = {
			isa = XCBuildConfiguration;
			buildSettings = {
				INFOPLIST_FILE = CarouselFigure2UITests/Info.plist;
				LD_RUNPATH_SEARCH_PATHS = "$(inherited) @executable_path/Frameworks @loader_path/Frameworks";
				PRODUCT_BUNDLE_IDENTIFIER = com.jaxer.CarouselFigure2UITests;
				PRODUCT_NAME = "$(TARGET_NAME)";
				TEST_TARGET_NAME = CarouselFigure2;
			};
			name = Debug;
		};
		467A8D431D3CC3A8003C8F3E /* Release */ = {
			isa = XCBuildConfiguration;
			buildSettings = {
				INFOPLIST_FILE = CarouselFigure2UITests/Info.plist;
				LD_RUNPATH_SEARCH_PATHS = "$(inherited) @executable_path/Frameworks @loader_path/Frameworks";
				PRODUCT_BUNDLE_IDENTIFIER = com.jaxer.CarouselFigure2UITests;
				PRODUCT_NAME = "$(TARGET_NAME)";
				TEST_TARGET_NAME = CarouselFigure2;
			};
			name = Release;
		};
/* End XCBuildConfiguration section */

/* Begin XCConfigurationList section */
		467A8D091D3CC3A8003C8F3E /* Build configuration list for PBXProject "CarouselFigure2" */ = {
			isa = XCConfigurationList;
			buildConfigurations = (
				467A8D391D3CC3A8003C8F3E /* Debug */,
				467A8D3A1D3CC3A8003C8F3E /* Release */,
			);
			defaultConfigurationIsVisible = 0;
			defaultConfigurationName = Release;
		};
		467A8D3B1D3CC3A8003C8F3E /* Build configuration list for PBXNativeTarget "CarouselFigure2" */ = {
			isa = XCConfigurationList;
			buildConfigurations = (
				467A8D3C1D3CC3A8003C8F3E /* Debug */,
				467A8D3D1D3CC3A8003C8F3E /* Release */,
			);
			defaultConfigurationIsVisible = 0;
		};
		467A8D3E1D3CC3A8003C8F3E /* Build configuration list for PBXNativeTarget "CarouselFigure2Tests" */ = {
			isa = XCConfigurationList;
			buildConfigurations = (
				467A8D3F1D3CC3A8003C8F3E /* Debug */,
				467A8D401D3CC3A8003C8F3E /* Release */,
			);
			defaultConfigurationIsVisible = 0;
		};
		467A8D411D3CC3A8003C8F3E /* Build configuration list for PBXNativeTarget "CarouselFigure2UITests" */ = {
			isa = XCConfigurationList;
			buildConfigurations = (
				467A8D421D3CC3A8003C8F3E /* Debug */,
				467A8D431D3CC3A8003C8F3E /* Release */,
			);
			defaultConfigurationIsVisible = 0;
		};
/* End XCConfigurationList section */
	};
	rootObject = 467A8D061D3CC3A8003C8F3E /* Project object */;
}
